// !$*UTF8*$!
{
	archiveVersion = 1;
	classes = {
	};
	objectVersion = 48;
	objects = {

/* Begin PBXBuildFile section */
		3251504B20A4207E00F3E951 /* Logger.cpp in Sources */ = {isa = PBXBuildFile; fileRef = 3251504920A4207E00F3E951 /* Logger.cpp */; };
		32815AAA209C04F900911E6C /* main.cpp in Sources */ = {isa = PBXBuildFile; fileRef = 32815AA9209C04F900911E6C /* main.cpp */; };
		32815ACC209C08ED00911E6C /* OscOutboundPacketStream.cpp in Sources */ = {isa = PBXBuildFile; fileRef = 32815AB3209C08ED00911E6C /* OscOutboundPacketStream.cpp */; };
		32815ACD209C08ED00911E6C /* OscTypes.cpp in Sources */ = {isa = PBXBuildFile; fileRef = 32815AB5209C08ED00911E6C /* OscTypes.cpp */; };
		32815ACE209C08ED00911E6C /* OscReceivedElements.cpp in Sources */ = {isa = PBXBuildFile; fileRef = 32815ABB209C08ED00911E6C /* OscReceivedElements.cpp */; };
		32815ACF209C08ED00911E6C /* OscPrintReceivedElements.cpp in Sources */ = {isa = PBXBuildFile; fileRef = 32815ABC209C08ED00911E6C /* OscPrintReceivedElements.cpp */; };
		32815AD0209C08ED00911E6C /* NetworkingUtils.cpp in Sources */ = {isa = PBXBuildFile; fileRef = 32815AC1209C08ED00911E6C /* NetworkingUtils.cpp */; };
		32815AD1209C08ED00911E6C /* UdpSocket.cpp in Sources */ = {isa = PBXBuildFile; fileRef = 32815AC2209C08ED00911E6C /* UdpSocket.cpp */; };
		32815AD2209C08ED00911E6C /* IpEndpointName.cpp in Sources */ = {isa = PBXBuildFile; fileRef = 32815AC7209C08ED00911E6C /* IpEndpointName.cpp */; };
		32815AD9209C0A1600911E6C /* Settings.cpp in Sources */ = {isa = PBXBuildFile; fileRef = 32815AD7209C0A1600911E6C /* Settings.cpp */; };
		32815ADC209C11CA00911E6C /* myo.framework in Frameworks */ = {isa = PBXBuildFile; fileRef = 32815AD5209C09C300911E6C /* myo.framework */; };
		32815ADD209C122800911E6C /* myo.framework in CopyFiles */ = {isa = PBXBuildFile; fileRef = 32815AD5209C09C300911E6C /* myo.framework */; };
		32815AE0209C1D0B00911E6C /* Common.cpp in Sources */ = {isa = PBXBuildFile; fileRef = 32815ADE209C1D0B00911E6C /* Common.cpp */; };
		32815AE3209C1E0700911E6C /* DeviceManager.cpp in Sources */ = {isa = PBXBuildFile; fileRef = 32815AE1209C1E0700911E6C /* DeviceManager.cpp */; };
		32815AE6209C2CDC00911E6C /* DataSender.cpp in Sources */ = {isa = PBXBuildFile; fileRef = 32815AE4209C2CDC00911E6C /* DataSender.cpp */; };
		32815AE9209D90A200911E6C /* DataPaths.cpp in Sources */ = {isa = PBXBuildFile; fileRef = 32815AE7209D90A200911E6C /* DataPaths.cpp */; };
/* End PBXBuildFile section */

/* Begin PBXCopyFilesBuildPhase section */
		32815AA4209C04F900911E6C /* CopyFiles */ = {
			isa = PBXCopyFilesBuildPhase;
			buildActionMask = 12;
			dstPath = "";
			dstSubfolderSpec = 16;
			files = (
				32815ADD209C122800911E6C /* myo.framework in CopyFiles */,
			);
			runOnlyForDeploymentPostprocessing = 0;
		};
/* End PBXCopyFilesBuildPhase section */

/* Begin PBXFileReference section */
		3251504920A4207E00F3E951 /* Logger.cpp */ = {isa = PBXFileReference; fileEncoding = 4; lastKnownFileType = sourcecode.cpp.cpp; path = Logger.cpp; sourceTree = "<group>"; };
		3251504A20A4207E00F3E951 /* Logger.h */ = {isa = PBXFileReference; fileEncoding = 4; lastKnownFileType = sourcecode.c.h; path = Logger.h; sourceTree = "<group>"; };
		3251504C20A4209800F3E951 /* NullOStream.h */ = {isa = PBXFileReference; fileEncoding = 4; lastKnownFileType = sourcecode.c.h; path = NullOStream.h; sourceTree = "<group>"; };
		32815AA6209C04F900911E6C /* MyoOsc2 */ = {isa = PBXFileReference; explicitFileType = "compiled.mach-o.executable"; includeInIndex = 0; path = MyoOsc2; sourceTree = BUILT_PRODUCTS_DIR; };
		32815AA9209C04F900911E6C /* main.cpp */ = {isa = PBXFileReference; lastKnownFileType = sourcecode.cpp.cpp; path = main.cpp; sourceTree = "<group>"; };
		32815AB3209C08ED00911E6C /* OscOutboundPacketStream.cpp */ = {isa = PBXFileReference; fileEncoding = 4; lastKnownFileType = sourcecode.cpp.cpp; path = OscOutboundPacketStream.cpp; sourceTree = "<group>"; };
		32815AB4209C08ED00911E6C /* OscPacketListener.h */ = {isa = PBXFileReference; fileEncoding = 4; lastKnownFileType = sourcecode.c.h; path = OscPacketListener.h; sourceTree = "<group>"; };
		32815AB5209C08ED00911E6C /* OscTypes.cpp */ = {isa = PBXFileReference; fileEncoding = 4; lastKnownFileType = sourcecode.cpp.cpp; path = OscTypes.cpp; sourceTree = "<group>"; };
		32815AB6209C08ED00911E6C /* OscPrintReceivedElements.h */ = {isa = PBXFileReference; fileEncoding = 4; lastKnownFileType = sourcecode.c.h; path = OscPrintReceivedElements.h; sourceTree = "<group>"; };
		32815AB7209C08ED00911E6C /* MessageMappingOscPacketListener.h */ = {isa = PBXFileReference; fileEncoding = 4; lastKnownFileType = sourcecode.c.h; path = MessageMappingOscPacketListener.h; sourceTree = "<group>"; };
		32815AB8209C08ED00911E6C /* OscHostEndianness.h */ = {isa = PBXFileReference; fileEncoding = 4; lastKnownFileType = sourcecode.c.h; path = OscHostEndianness.h; sourceTree = "<group>"; };
		32815AB9209C08ED00911E6C /* OscException.h */ = {isa = PBXFileReference; fileEncoding = 4; lastKnownFileType = sourcecode.c.h; path = OscException.h; sourceTree = "<group>"; };
		32815ABA209C08ED00911E6C /* OscOutboundPacketStream.h */ = {isa = PBXFileReference; fileEncoding = 4; lastKnownFileType = sourcecode.c.h; path = OscOutboundPacketStream.h; sourceTree = "<group>"; };
		32815ABB209C08ED00911E6C /* OscReceivedElements.cpp */ = {isa = PBXFileReference; fileEncoding = 4; lastKnownFileType = sourcecode.cpp.cpp; path = OscReceivedElements.cpp; sourceTree = "<group>"; };
		32815ABC209C08ED00911E6C /* OscPrintReceivedElements.cpp */ = {isa = PBXFileReference; fileEncoding = 4; lastKnownFileType = sourcecode.cpp.cpp; path = OscPrintReceivedElements.cpp; sourceTree = "<group>"; };
		32815ABD209C08ED00911E6C /* OscReceivedElements.h */ = {isa = PBXFileReference; fileEncoding = 4; lastKnownFileType = sourcecode.c.h; path = OscReceivedElements.h; sourceTree = "<group>"; };
		32815ABE209C08ED00911E6C /* OscTypes.h */ = {isa = PBXFileReference; fileEncoding = 4; lastKnownFileType = sourcecode.c.h; path = OscTypes.h; sourceTree = "<group>"; };
		32815AC1209C08ED00911E6C /* NetworkingUtils.cpp */ = {isa = PBXFileReference; fileEncoding = 4; lastKnownFileType = sourcecode.cpp.cpp; path = NetworkingUtils.cpp; sourceTree = "<group>"; };
		32815AC2209C08ED00911E6C /* UdpSocket.cpp */ = {isa = PBXFileReference; fileEncoding = 4; lastKnownFileType = sourcecode.cpp.cpp; path = UdpSocket.cpp; sourceTree = "<group>"; };
		32815AC3209C08ED00911E6C /* UdpSocket.h */ = {isa = PBXFileReference; fileEncoding = 4; lastKnownFileType = sourcecode.c.h; path = UdpSocket.h; sourceTree = "<group>"; };
		32815AC4209C08ED00911E6C /* TimerListener.h */ = {isa = PBXFileReference; fileEncoding = 4; lastKnownFileType = sourcecode.c.h; path = TimerListener.h; sourceTree = "<group>"; };
		32815AC5209C08ED00911E6C /* PacketListener.h */ = {isa = PBXFileReference; fileEncoding = 4; lastKnownFileType = sourcecode.c.h; path = PacketListener.h; sourceTree = "<group>"; };
		32815AC6209C08ED00911E6C /* IpEndpointName.h */ = {isa = PBXFileReference; fileEncoding = 4; lastKnownFileType = sourcecode.c.h; path = IpEndpointName.h; sourceTree = "<group>"; };
		32815AC7209C08ED00911E6C /* IpEndpointName.cpp */ = {isa = PBXFileReference; fileEncoding = 4; lastKnownFileType = sourcecode.cpp.cpp; path = IpEndpointName.cpp; sourceTree = "<group>"; };
		32815AC8209C08ED00911E6C /* NetworkingUtils.h */ = {isa = PBXFileReference; fileEncoding = 4; lastKnownFileType = sourcecode.c.h; path = NetworkingUtils.h; sourceTree = "<group>"; };
		32815AD5209C09C300911E6C /* myo.framework */ = {isa = PBXFileReference; lastKnownFileType = wrapper.framework; path = myo.framework; sourceTree = "<group>"; };
		32815AD7209C0A1600911E6C /* Settings.cpp */ = {isa = PBXFileReference; lastKnownFileType = sourcecode.cpp.cpp; path = Settings.cpp; sourceTree = "<group>"; };
		32815AD8209C0A1600911E6C /* Settings.h */ = {isa = PBXFileReference; lastKnownFileType = sourcecode.c.h; path = Settings.h; sourceTree = "<group>"; };
		32815ADA209C0AFC00911E6C /* optionparser.h */ = {isa = PBXFileReference; fileEncoding = 4; lastKnownFileType = sourcecode.c.h; path = optionparser.h; sourceTree = "<group>"; };
		32815ADE209C1D0B00911E6C /* Common.cpp */ = {isa = PBXFileReference; lastKnownFileType = sourcecode.cpp.cpp; path = Common.cpp; sourceTree = "<group>"; };
		32815ADF209C1D0B00911E6C /* Common.h */ = {isa = PBXFileReference; lastKnownFileType = sourcecode.c.h; path = Common.h; sourceTree = "<group>"; };
		32815AE1209C1E0700911E6C /* DeviceManager.cpp */ = {isa = PBXFileReference; lastKnownFileType = sourcecode.cpp.cpp; path = DeviceManager.cpp; sourceTree = "<group>"; };
		32815AE2209C1E0700911E6C /* DeviceManager.h */ = {isa = PBXFileReference; lastKnownFileType = sourcecode.c.h; path = DeviceManager.h; sourceTree = "<group>"; };
		32815AE4209C2CDC00911E6C /* DataSender.cpp */ = {isa = PBXFileReference; lastKnownFileType = sourcecode.cpp.cpp; path = DataSender.cpp; sourceTree = "<group>"; };
		32815AE5209C2CDC00911E6C /* DataSender.h */ = {isa = PBXFileReference; lastKnownFileType = sourcecode.c.h; path = DataSender.h; sourceTree = "<group>"; };
		32815AE7209D90A200911E6C /* DataPaths.cpp */ = {isa = PBXFileReference; lastKnownFileType = sourcecode.cpp.cpp; path = DataPaths.cpp; sourceTree = "<group>"; };
		32815AE8209D90A200911E6C /* DataPaths.h */ = {isa = PBXFileReference; lastKnownFileType = sourcecode.c.h; path = DataPaths.h; sourceTree = "<group>"; };
/* End PBXFileReference section */

/* Begin PBXFrameworksBuildPhase section */
		32815AA3209C04F900911E6C /* Frameworks */ = {
			isa = PBXFrameworksBuildPhase;
			buildActionMask = 2147483647;
			files = (
				32815ADC209C11CA00911E6C /* myo.framework in Frameworks */,
			);
			runOnlyForDeploymentPostprocessing = 0;
		};
/* End PBXFrameworksBuildPhase section */

/* Begin PBXGroup section */
		32815A9D209C04F900911E6C = {
			isa = PBXGroup;
			children = (
				32815AB0209C08ED00911E6C /* libs */,
				32815AA8209C04F900911E6C /* src */,
				32815AA7209C04F900911E6C /* Products */,
				32815ADB209C11CA00911E6C /* Frameworks */,
			);
			sourceTree = "<group>";
		};
		32815AA7209C04F900911E6C /* Products */ = {
			isa = PBXGroup;
			children = (
				32815AA6209C04F900911E6C /* MyoOsc2 */,
			);
			name = Products;
			sourceTree = "<group>";
		};
		32815AA8209C04F900911E6C /* src */ = {
			isa = PBXGroup;
			children = (
				3251504920A4207E00F3E951 /* Logger.cpp */,
				3251504A20A4207E00F3E951 /* Logger.h */,
				32815AA9209C04F900911E6C /* main.cpp */,
				32815AD7209C0A1600911E6C /* Settings.cpp */,
				32815AD8209C0A1600911E6C /* Settings.h */,
				32815ADE209C1D0B00911E6C /* Common.cpp */,
				32815ADF209C1D0B00911E6C /* Common.h */,
				32815AE1209C1E0700911E6C /* DeviceManager.cpp */,
				32815AE2209C1E0700911E6C /* DeviceManager.h */,
				32815AE4209C2CDC00911E6C /* DataSender.cpp */,
				32815AE5209C2CDC00911E6C /* DataSender.h */,
				32815AE7209D90A200911E6C /* DataPaths.cpp */,
				32815AE8209D90A200911E6C /* DataPaths.h */,
			);
			path = src;
			sourceTree = "<group>";
		};
		32815AB0209C08ED00911E6C /* libs */ = {
			isa = PBXGroup;
			children = (
				3251504C20A4209800F3E951 /* NullOStream.h */,
				32815ADA209C0AFC00911E6C /* optionparser.h */,
				32815AD5209C09C300911E6C /* myo.framework */,
				32815AB1209C08ED00911E6C /* oscpack */,
			);
			path = libs;
			sourceTree = "<group>";
		};
		32815AB1209C08ED00911E6C /* oscpack */ = {
			isa = PBXGroup;
			children = (
				32815AB2209C08ED00911E6C /* osc */,
				32815ABF209C08ED00911E6C /* ip */,
			);
			path = oscpack;
			sourceTree = "<group>";
		};
		32815AB2209C08ED00911E6C /* osc */ = {
			isa = PBXGroup;
			children = (
				32815AB3209C08ED00911E6C /* OscOutboundPacketStream.cpp */,
				32815AB4209C08ED00911E6C /* OscPacketListener.h */,
				32815AB5209C08ED00911E6C /* OscTypes.cpp */,
				32815AB6209C08ED00911E6C /* OscPrintReceivedElements.h */,
				32815AB7209C08ED00911E6C /* MessageMappingOscPacketListener.h */,
				32815AB8209C08ED00911E6C /* OscHostEndianness.h */,
				32815AB9209C08ED00911E6C /* OscException.h */,
				32815ABA209C08ED00911E6C /* OscOutboundPacketStream.h */,
				32815ABB209C08ED00911E6C /* OscReceivedElements.cpp */,
				32815ABC209C08ED00911E6C /* OscPrintReceivedElements.cpp */,
				32815ABD209C08ED00911E6C /* OscReceivedElements.h */,
				32815ABE209C08ED00911E6C /* OscTypes.h */,
			);
			path = osc;
			sourceTree = "<group>";
		};
		32815ABF209C08ED00911E6C /* ip */ = {
			isa = PBXGroup;
			children = (
				32815AC0209C08ED00911E6C /* posix */,
				32815AC3209C08ED00911E6C /* UdpSocket.h */,
				32815AC4209C08ED00911E6C /* TimerListener.h */,
				32815AC5209C08ED00911E6C /* PacketListener.h */,
				32815AC6209C08ED00911E6C /* IpEndpointName.h */,
				32815AC7209C08ED00911E6C /* IpEndpointName.cpp */,
				32815AC8209C08ED00911E6C /* NetworkingUtils.h */,
			);
			path = ip;
			sourceTree = "<group>";
		};
		32815AC0209C08ED00911E6C /* posix */ = {
			isa = PBXGroup;
			children = (
				32815AC1209C08ED00911E6C /* NetworkingUtils.cpp */,
				32815AC2209C08ED00911E6C /* UdpSocket.cpp */,
			);
			path = posix;
			sourceTree = "<group>";
		};
		32815ADB209C11CA00911E6C /* Frameworks */ = {
			isa = PBXGroup;
			children = (
			);
			name = Frameworks;
			sourceTree = "<group>";
		};
/* End PBXGroup section */

/* Begin PBXNativeTarget section */
		32815AA5209C04F900911E6C /* MyoOsc2 */ = {
			isa = PBXNativeTarget;
			buildConfigurationList = 32815AAD209C04F900911E6C /* Build configuration list for PBXNativeTarget "MyoOsc2" */;
			buildPhases = (
				32815AA2209C04F900911E6C /* Sources */,
				32815AA3209C04F900911E6C /* Frameworks */,
				32815AA4209C04F900911E6C /* CopyFiles */,
			);
			buildRules = (
			);
			dependencies = (
			);
			name = MyoOsc2;
			productName = MyoOsc2;
			productReference = 32815AA6209C04F900911E6C /* MyoOsc2 */;
			productType = "com.apple.product-type.tool";
		};
/* End PBXNativeTarget section */

/* Begin PBXProject section */
		32815A9E209C04F900911E6C /* Project object */ = {
			isa = PBXProject;
			attributes = {
				LastUpgradeCheck = 0920;
				ORGANIZATIONNAME = optexture;
				TargetAttributes = {
					32815AA5209C04F900911E6C = {
						CreatedOnToolsVersion = 9.2;
						ProvisioningStyle = Automatic;
					};
				};
			};
			buildConfigurationList = 32815AA1209C04F900911E6C /* Build configuration list for PBXProject "MyoOsc2" */;
			compatibilityVersion = "Xcode 8.0";
			developmentRegion = en;
			hasScannedForEncodings = 0;
			knownRegions = (
				en,
			);
			mainGroup = 32815A9D209C04F900911E6C;
			productRefGroup = 32815AA7209C04F900911E6C /* Products */;
			projectDirPath = "";
			projectRoot = "";
			targets = (
				32815AA5209C04F900911E6C /* MyoOsc2 */,
			);
		};
/* End PBXProject section */

/* Begin PBXSourcesBuildPhase section */
		32815AA2209C04F900911E6C /* Sources */ = {
			isa = PBXSourcesBuildPhase;
			buildActionMask = 2147483647;
			files = (
				32815ACD209C08ED00911E6C /* OscTypes.cpp in Sources */,
				3251504B20A4207E00F3E951 /* Logger.cpp in Sources */,
				32815ACE209C08ED00911E6C /* OscReceivedElements.cpp in Sources */,
				32815AD9209C0A1600911E6C /* Settings.cpp in Sources */,
				32815ACF209C08ED00911E6C /* OscPrintReceivedElements.cpp in Sources */,
				32815AE3209C1E0700911E6C /* DeviceManager.cpp in Sources */,
				32815AD0209C08ED00911E6C /* NetworkingUtils.cpp in Sources */,
				32815AAA209C04F900911E6C /* main.cpp in Sources */,
				32815ACC209C08ED00911E6C /* OscOutboundPacketStream.cpp in Sources */,
				32815AD2209C08ED00911E6C /* IpEndpointName.cpp in Sources */,
				32815AE9209D90A200911E6C /* DataPaths.cpp in Sources */,
				32815AE0209C1D0B00911E6C /* Common.cpp in Sources */,
				32815AE6209C2CDC00911E6C /* DataSender.cpp in Sources */,
				32815AD1209C08ED00911E6C /* UdpSocket.cpp in Sources */,
			);
			runOnlyForDeploymentPostprocessing = 0;
		};
/* End PBXSourcesBuildPhase section */

/* Begin XCBuildConfiguration section */
		32815AAB209C04F900911E6C /* Debug */ = {
			isa = XCBuildConfiguration;
			buildSettings = {
				ALWAYS_SEARCH_USER_PATHS = NO;
				CLANG_ANALYZER_NONNULL = YES;
				CLANG_ANALYZER_NUMBER_OBJECT_CONVERSION = YES_AGGRESSIVE;
				CLANG_CXX_LANGUAGE_STANDARD = "gnu++17";
				CLANG_CXX_LIBRARY = "libc++";
				CLANG_ENABLE_MODULES = YES;
				CLANG_ENABLE_OBJC_ARC = YES;
				CLANG_WARN_BLOCK_CAPTURE_AUTORELEASING = YES;
				CLANG_WARN_BOOL_CONVERSION = YES;
				CLANG_WARN_COMMA = YES;
				CLANG_WARN_CONSTANT_CONVERSION = YES;
				CLANG_WARN_DIRECT_OBJC_ISA_USAGE = YES_ERROR;
				CLANG_WARN_DOCUMENTATION_COMMENTS = YES;
				CLANG_WARN_EMPTY_BODY = YES;
				CLANG_WARN_ENUM_CONVERSION = YES;
				CLANG_WARN_INFINITE_RECURSION = YES;
				CLANG_WARN_INT_CONVERSION = YES;
				CLANG_WARN_NON_LITERAL_NULL_CONVERSION = YES;
				CLANG_WARN_OBJC_LITERAL_CONVERSION = YES;
				CLANG_WARN_OBJC_ROOT_CLASS = YES_ERROR;
				CLANG_WARN_RANGE_LOOP_ANALYSIS = YES;
				CLANG_WARN_STRICT_PROTOTYPES = YES;
				CLANG_WARN_SUSPICIOUS_MOVE = YES;
				CLANG_WARN_UNGUARDED_AVAILABILITY = YES_AGGRESSIVE;
				CLANG_WARN_UNREACHABLE_CODE = YES;
				CLANG_WARN__DUPLICATE_METHOD_MATCH = YES;
				CODE_SIGN_IDENTITY = "-";
				COPY_PHASE_STRIP = NO;
				DEBUG_INFORMATION_FORMAT = dwarf;
				ENABLE_STRICT_OBJC_MSGSEND = YES;
				ENABLE_TESTABILITY = YES;
				GCC_C_LANGUAGE_STANDARD = gnu11;
				GCC_DYNAMIC_NO_PIC = NO;
				GCC_NO_COMMON_BLOCKS = YES;
				GCC_OPTIMIZATION_LEVEL = 0;
				GCC_PREPROCESSOR_DEFINITIONS = (
					"DEBUG=1",
					"$(inherited)",
				);
				GCC_WARN_64_TO_32_BIT_CONVERSION = YES;
				GCC_WARN_ABOUT_RETURN_TYPE = YES_ERROR;
				GCC_WARN_UNDECLARED_SELECTOR = YES;
				GCC_WARN_UNINITIALIZED_AUTOS = YES_AGGRESSIVE;
				GCC_WARN_UNUSED_FUNCTION = YES;
				GCC_WARN_UNUSED_VARIABLE = YES;
				HEADER_SEARCH_PATHS = "libs\\";
				MACOSX_DEPLOYMENT_TARGET = 10.13;
				MTL_ENABLE_DEBUG_INFO = YES;
				ONLY_ACTIVE_ARCH = YES;
				SDKROOT = macosx;
			};
			name = Debug;
		};
		32815AAC209C04F900911E6C /* Release */ = {
			isa = XCBuildConfiguration;
			buildSettings = {
				ALWAYS_SEARCH_USER_PATHS = NO;
				CLANG_ANALYZER_NONNULL = YES;
				CLANG_ANALYZER_NUMBER_OBJECT_CONVERSION = YES_AGGRESSIVE;
				CLANG_CXX_LANGUAGE_STANDARD = "gnu++17";
				CLANG_CXX_LIBRARY = "libc++";
				CLANG_ENABLE_MODULES = YES;
				CLANG_ENABLE_OBJC_ARC = YES;
				CLANG_WARN_BLOCK_CAPTURE_AUTORELEASING = YES;
				CLANG_WARN_BOOL_CONVERSION = YES;
				CLANG_WARN_COMMA = YES;
				CLANG_WARN_CONSTANT_CONVERSION = YES;
				CLANG_WARN_DIRECT_OBJC_ISA_USAGE = YES_ERROR;
				CLANG_WARN_DOCUMENTATION_COMMENTS = YES;
				CLANG_WARN_EMPTY_BODY = YES;
				CLANG_WARN_ENUM_CONVERSION = YES;
				CLANG_WARN_INFINITE_RECURSION = YES;
				CLANG_WARN_INT_CONVERSION = YES;
				CLANG_WARN_NON_LITERAL_NULL_CONVERSION = YES;
				CLANG_WARN_OBJC_LITERAL_CONVERSION = YES;
				CLANG_WARN_OBJC_ROOT_CLASS = YES_ERROR;
				CLANG_WARN_RANGE_LOOP_ANALYSIS = YES;
				CLANG_WARN_STRICT_PROTOTYPES = YES;
				CLANG_WARN_SUSPICIOUS_MOVE = YES;
				CLANG_WARN_UNGUARDED_AVAILABILITY = YES_AGGRESSIVE;
				CLANG_WARN_UNREACHABLE_CODE = YES;
				CLANG_WARN__DUPLICATE_METHOD_MATCH = YES;
				CODE_SIGN_IDENTITY = "-";
				COPY_PHASE_STRIP = NO;
				DEBUG_INFORMATION_FORMAT = "dwarf-with-dsym";
				ENABLE_NS_ASSERTIONS = NO;
				ENABLE_STRICT_OBJC_MSGSEND = YES;
				GCC_C_LANGUAGE_STANDARD = gnu11;
				GCC_NO_COMMON_BLOCKS = YES;
				GCC_WARN_64_TO_32_BIT_CONVERSION = YES;
				GCC_WARN_ABOUT_RETURN_TYPE = YES_ERROR;
				GCC_WARN_UNDECLARED_SELECTOR = YES;
				GCC_WARN_UNINITIALIZED_AUTOS = YES_AGGRESSIVE;
				GCC_WARN_UNUSED_FUNCTION = YES;
				GCC_WARN_UNUSED_VARIABLE = YES;
				HEADER_SEARCH_PATHS = "libs\\";
				MACOSX_DEPLOYMENT_TARGET = 10.13;
				MTL_ENABLE_DEBUG_INFO = NO;
				SDKROOT = macosx;
			};
			name = Release;
		};
		32815AAE209C04F900911E6C /* Debug */ = {
			isa = XCBuildConfiguration;
			buildSettings = {
				CODE_SIGN_STYLE = Automatic;
				FRAMEWORK_SEARCH_PATHS = (
					"$(inherited)",
					"$(PROJECT_DIR)/libs",
				);
				HEADER_SEARCH_PATHS = (
					libs/oscpack,
					libs/myo.framework/Headers,
				);
				LD_RUNPATH_SEARCH_PATHS = "@loader_path";
				PRODUCT_NAME = "$(TARGET_NAME)";
			};
			name = Debug;
		};
		32815AAF209C04F900911E6C /* Release */ = {
			isa = XCBuildConfiguration;
			buildSettings = {
				CODE_SIGN_STYLE = Automatic;
				FRAMEWORK_SEARCH_PATHS = (
					"$(inherited)",
					"$(PROJECT_DIR)/libs",
				);
				HEADER_SEARCH_PATHS = (
					libs/oscpack,
					libs/myo.framework/Headers,
				);
				LD_RUNPATH_SEARCH_PATHS = "@loader_path";
				PRODUCT_NAME = "$(TARGET_NAME)";
			};
			name = Release;
		};
/* End XCBuildConfiguration section */

/* Begin XCConfigurationList section */
		32815AA1209C04F900911E6C /* Build configuration list for PBXProject "MyoOsc2" */ = {
			isa = XCConfigurationList;
			buildConfigurations = (
				32815AAB209C04F900911E6C /* Debug */,
				32815AAC209C04F900911E6C /* Release */,
			);
			defaultConfigurationIsVisible = 0;
			defaultConfigurationName = Debug;
		};
		32815AAD209C04F900911E6C /* Build configuration list for PBXNativeTarget "MyoOsc2" */ = {
			isa = XCConfigurationList;
			buildConfigurations = (
				32815AAE209C04F900911E6C /* Debug */,
				32815AAF209C04F900911E6C /* Release */,
			);
			defaultConfigurationIsVisible = 0;
			defaultConfigurationName = Debug;
		};
/* End XCConfigurationList section */
	};
	rootObject = 32815A9E209C04F900911E6C /* Project object */;
}
